// !$*UTF8*$!
{
	archiveVersion = 1;
	classes = {
	};
	objectVersion = 48;
	objects = {

/* Begin PBXBuildFile section */
		452FE192203866AB00FE8847 /* AppDelegate.swift in Sources */ = {isa = PBXBuildFile; fileRef = 452FE191203866AB00FE8847 /* AppDelegate.swift */; };
		452FE197203866AB00FE8847 /* Main.storyboard in Resources */ = {isa = PBXBuildFile; fileRef = 452FE195203866AB00FE8847 /* Main.storyboard */; };
		452FE199203866AB00FE8847 /* Assets.xcassets in Resources */ = {isa = PBXBuildFile; fileRef = 452FE198203866AB00FE8847 /* Assets.xcassets */; };
		452FE19C203866AB00FE8847 /* LaunchScreen.storyboard in Resources */ = {isa = PBXBuildFile; fileRef = 452FE19A203866AB00FE8847 /* LaunchScreen.storyboard */; };
		452FE1B2203866AB00FE8847 /* MovieSearchUITests.swift in Sources */ = {isa = PBXBuildFile; fileRef = 452FE1B1203866AB00FE8847 /* MovieSearchUITests.swift */; };
		452FE1C5203868DA00FE8847 /* MovieDetails.swift in Sources */ = {isa = PBXBuildFile; fileRef = 452FE1C4203868DA00FE8847 /* MovieDetails.swift */; };
		452FE1C7203868EF00FE8847 /* MSBaseViewController.swift in Sources */ = {isa = PBXBuildFile; fileRef = 452FE1C6203868EF00FE8847 /* MSBaseViewController.swift */; };
		452FE1CA2038692300FE8847 /* UIColor+Extra.swift in Sources */ = {isa = PBXBuildFile; fileRef = 452FE1C92038692300FE8847 /* UIColor+Extra.swift */; };
		452FE1CC203869AD00FE8847 /* MovieSearchViewController.swift in Sources */ = {isa = PBXBuildFile; fileRef = 452FE1CB203869AD00FE8847 /* MovieSearchViewController.swift */; };
		452FE1CE20386A5700FE8847 /* MovieDetailsTests.swift in Sources */ = {isa = PBXBuildFile; fileRef = 452FE1CD20386A5700FE8847 /* MovieDetailsTests.swift */; };
/* End PBXBuildFile section */

/* Begin PBXContainerItemProxy section */
		452FE1A3203866AB00FE8847 /* PBXContainerItemProxy */ = {
			isa = PBXContainerItemProxy;
			containerPortal = 452FE186203866AB00FE8847 /* Project object */;
			proxyType = 1;
			remoteGlobalIDString = 452FE18D203866AB00FE8847;
			remoteInfo = MovieSearch;
		};
		452FE1AE203866AB00FE8847 /* PBXContainerItemProxy */ = {
			isa = PBXContainerItemProxy;
			containerPortal = 452FE186203866AB00FE8847 /* Project object */;
			proxyType = 1;
			remoteGlobalIDString = 452FE18D203866AB00FE8847;
			remoteInfo = MovieSearch;
		};
/* End PBXContainerItemProxy section */

/* Begin PBXFileReference section */
		452FE18E203866AB00FE8847 /* MovieSearch.app */ = {isa = PBXFileReference; explicitFileType = wrapper.application; includeInIndex = 0; path = MovieSearch.app; sourceTree = BUILT_PRODUCTS_DIR; };
		452FE191203866AB00FE8847 /* AppDelegate.swift */ = {isa = PBXFileReference; lastKnownFileType = sourcecode.swift; path = AppDelegate.swift; sourceTree = "<group>"; };
		452FE196203866AB00FE8847 /* Base */ = {isa = PBXFileReference; lastKnownFileType = file.storyboard; name = Base; path = Base.lproj/Main.storyboard; sourceTree = "<group>"; };
		452FE198203866AB00FE8847 /* Assets.xcassets */ = {isa = PBXFileReference; lastKnownFileType = folder.assetcatalog; path = Assets.xcassets; sourceTree = "<group>"; };
		452FE19B203866AB00FE8847 /* Base */ = {isa = PBXFileReference; lastKnownFileType = file.storyboard; name = Base; path = Base.lproj/LaunchScreen.storyboard; sourceTree = "<group>"; };
		452FE19D203866AB00FE8847 /* Info.plist */ = {isa = PBXFileReference; lastKnownFileType = text.plist.xml; path = Info.plist; sourceTree = "<group>"; };
		452FE1A2203866AB00FE8847 /* MovieSearchTests.xctest */ = {isa = PBXFileReference; explicitFileType = wrapper.cfbundle; includeInIndex = 0; path = MovieSearchTests.xctest; sourceTree = BUILT_PRODUCTS_DIR; };
		452FE1A8203866AB00FE8847 /* Info.plist */ = {isa = PBXFileReference; lastKnownFileType = text.plist.xml; path = Info.plist; sourceTree = "<group>"; };
		452FE1AD203866AB00FE8847 /* MovieSearchUITests.xctest */ = {isa = PBXFileReference; explicitFileType = wrapper.cfbundle; includeInIndex = 0; path = MovieSearchUITests.xctest; sourceTree = BUILT_PRODUCTS_DIR; };
		452FE1B1203866AB00FE8847 /* MovieSearchUITests.swift */ = {isa = PBXFileReference; lastKnownFileType = sourcecode.swift; path = MovieSearchUITests.swift; sourceTree = "<group>"; };
		452FE1B3203866AB00FE8847 /* Info.plist */ = {isa = PBXFileReference; lastKnownFileType = text.plist.xml; path = Info.plist; sourceTree = "<group>"; };
		452FE1C4203868DA00FE8847 /* MovieDetails.swift */ = {isa = PBXFileReference; fileEncoding = 4; lastKnownFileType = sourcecode.swift; path = MovieDetails.swift; sourceTree = "<group>"; };
		452FE1C6203868EF00FE8847 /* MSBaseViewController.swift */ = {isa = PBXFileReference; fileEncoding = 4; lastKnownFileType = sourcecode.swift; path = MSBaseViewController.swift; sourceTree = "<group>"; };
		452FE1C92038692300FE8847 /* UIColor+Extra.swift */ = {isa = PBXFileReference; fileEncoding = 4; lastKnownFileType = sourcecode.swift; path = "UIColor+Extra.swift"; sourceTree = "<group>"; };
		452FE1CB203869AD00FE8847 /* MovieSearchViewController.swift */ = {isa = PBXFileReference; lastKnownFileType = sourcecode.swift; path = MovieSearchViewController.swift; sourceTree = "<group>"; };
		452FE1CD20386A5700FE8847 /* MovieDetailsTests.swift */ = {isa = PBXFileReference; lastKnownFileType = sourcecode.swift; path = MovieDetailsTests.swift; sourceTree = "<group>"; };
/* End PBXFileReference section */

/* Begin PBXFrameworksBuildPhase section */
		452FE18B203866AB00FE8847 /* Frameworks */ = {
			isa = PBXFrameworksBuildPhase;
			buildActionMask = 2147483647;
			files = (
			);
			runOnlyForDeploymentPostprocessing = 0;
		};
		452FE19F203866AB00FE8847 /* Frameworks */ = {
			isa = PBXFrameworksBuildPhase;
			buildActionMask = 2147483647;
			files = (
			);
			runOnlyForDeploymentPostprocessing = 0;
		};
		452FE1AA203866AB00FE8847 /* Frameworks */ = {
			isa = PBXFrameworksBuildPhase;
			buildActionMask = 2147483647;
			files = (
			);
			runOnlyForDeploymentPostprocessing = 0;
		};
/* End PBXFrameworksBuildPhase section */

/* Begin PBXGroup section */
		452FE185203866AB00FE8847 = {
			isa = PBXGroup;
			children = (
				452FE190203866AB00FE8847 /* MovieSearch */,
				452FE1A5203866AB00FE8847 /* MovieSearchTests */,
				452FE1B0203866AB00FE8847 /* MovieSearchUITests */,
				452FE18F203866AB00FE8847 /* Products */,
			);
			sourceTree = "<group>";
		};
		452FE18F203866AB00FE8847 /* Products */ = {
			isa = PBXGroup;
			children = (
				452FE18E203866AB00FE8847 /* MovieSearch.app */,
				452FE1A2203866AB00FE8847 /* MovieSearchTests.xctest */,
				452FE1AD203866AB00FE8847 /* MovieSearchUITests.xctest */,
			);
			name = Products;
			sourceTree = "<group>";
		};
		452FE190203866AB00FE8847 /* MovieSearch */ = {
			isa = PBXGroup;
			children = (
				452FE1C2203868AC00FE8847 /* Controllers */,
				452FE1D020386C0A00FE8847 /* Views */,
				452FE1C3203868C000FE8847 /* Models */,
				452FE1CF20386BF100FE8847 /* WebServices */,
				452FE1C82038691400FE8847 /* Categories */,
				452FE191203866AB00FE8847 /* AppDelegate.swift */,
				452FE195203866AB00FE8847 /* Main.storyboard */,
				452FE198203866AB00FE8847 /* Assets.xcassets */,
				452FE19A203866AB00FE8847 /* LaunchScreen.storyboard */,
				452FE19D203866AB00FE8847 /* Info.plist */,
			);
			path = MovieSearch;
			sourceTree = "<group>";
		};
		452FE1A5203866AB00FE8847 /* MovieSearchTests */ = {
			isa = PBXGroup;
			children = (
				452FE1CD20386A5700FE8847 /* MovieDetailsTests.swift */,
				452FE1A8203866AB00FE8847 /* Info.plist */,
			);
			path = MovieSearchTests;
			sourceTree = "<group>";
		};
		452FE1B0203866AB00FE8847 /* MovieSearchUITests */ = {
			isa = PBXGroup;
			children = (
				452FE1B1203866AB00FE8847 /* MovieSearchUITests.swift */,
				452FE1B3203866AB00FE8847 /* Info.plist */,
			);
			path = MovieSearchUITests;
			sourceTree = "<group>";
		};
		452FE1C2203868AC00FE8847 /* Controllers */ = {
			isa = PBXGroup;
			children = (
				452FE1C6203868EF00FE8847 /* MSBaseViewController.swift */,
				452FE1CB203869AD00FE8847 /* MovieSearchViewController.swift */,
			);
			path = Controllers;
			sourceTree = "<group>";
		};
		452FE1C3203868C000FE8847 /* Models */ = {
			isa = PBXGroup;
			children = (
				452FE1C4203868DA00FE8847 /* MovieDetails.swift */,
			);
			path = Models;
			sourceTree = "<group>";
		};
		452FE1C82038691400FE8847 /* Categories */ = {
			isa = PBXGroup;
			children = (
				452FE1C92038692300FE8847 /* UIColor+Extra.swift */,
			);
			path = Categories;
			sourceTree = "<group>";
		};
		452FE1CF20386BF100FE8847 /* WebServices */ = {
			isa = PBXGroup;
			children = (
			);
			path = WebServices;
			sourceTree = "<group>";
		};
		452FE1D020386C0A00FE8847 /* Views */ = {
			isa = PBXGroup;
			children = (
			);
			path = Views;
			sourceTree = "<group>";
		};
/* End PBXGroup section */

/* Begin PBXNativeTarget section */
		452FE18D203866AB00FE8847 /* MovieSearch */ = {
			isa = PBXNativeTarget;
			buildConfigurationList = 452FE1B6203866AB00FE8847 /* Build configuration list for PBXNativeTarget "MovieSearch" */;
			buildPhases = (
				452FE18A203866AB00FE8847 /* Sources */,
				452FE18B203866AB00FE8847 /* Frameworks */,
				452FE18C203866AB00FE8847 /* Resources */,
			);
			buildRules = (
			);
			dependencies = (
			);
			name = MovieSearch;
			productName = MovieSearch;
			productReference = 452FE18E203866AB00FE8847 /* MovieSearch.app */;
			productType = "com.apple.product-type.application";
		};
		452FE1A1203866AB00FE8847 /* MovieSearchTests */ = {
			isa = PBXNativeTarget;
			buildConfigurationList = 452FE1B9203866AB00FE8847 /* Build configuration list for PBXNativeTarget "MovieSearchTests" */;
			buildPhases = (
				452FE19E203866AB00FE8847 /* Sources */,
				452FE19F203866AB00FE8847 /* Frameworks */,
				452FE1A0203866AB00FE8847 /* Resources */,
			);
			buildRules = (
			);
			dependencies = (
				452FE1A4203866AB00FE8847 /* PBXTargetDependency */,
			);
			name = MovieSearchTests;
			productName = MovieSearchTests;
			productReference = 452FE1A2203866AB00FE8847 /* MovieSearchTests.xctest */;
			productType = "com.apple.product-type.bundle.unit-test";
		};
		452FE1AC203866AB00FE8847 /* MovieSearchUITests */ = {
			isa = PBXNativeTarget;
			buildConfigurationList = 452FE1BC203866AB00FE8847 /* Build configuration list for PBXNativeTarget "MovieSearchUITests" */;
			buildPhases = (
				452FE1A9203866AB00FE8847 /* Sources */,
				452FE1AA203866AB00FE8847 /* Frameworks */,
				452FE1AB203866AB00FE8847 /* Resources */,
			);
			buildRules = (
			);
			dependencies = (
				452FE1AF203866AB00FE8847 /* PBXTargetDependency */,
			);
			name = MovieSearchUITests;
			productName = MovieSearchUITests;
			productReference = 452FE1AD203866AB00FE8847 /* MovieSearchUITests.xctest */;
			productType = "com.apple.product-type.bundle.ui-testing";
		};
/* End PBXNativeTarget section */

/* Begin PBXProject section */
		452FE186203866AB00FE8847 /* Project object */ = {
			isa = PBXProject;
			attributes = {
				LastSwiftUpdateCheck = 0920;
				LastUpgradeCheck = 0920;
				ORGANIZATIONNAME = Ganesh;
				TargetAttributes = {
					452FE18D203866AB00FE8847 = {
						CreatedOnToolsVersion = 9.2;
						ProvisioningStyle = Automatic;
					};
					452FE1A1203866AB00FE8847 = {
						CreatedOnToolsVersion = 9.2;
						ProvisioningStyle = Automatic;
						TestTargetID = 452FE18D203866AB00FE8847;
					};
					452FE1AC203866AB00FE8847 = {
						CreatedOnToolsVersion = 9.2;
						ProvisioningStyle = Automatic;
						TestTargetID = 452FE18D203866AB00FE8847;
					};
				};
			};
			buildConfigurationList = 452FE189203866AB00FE8847 /* Build configuration list for PBXProject "MovieSearch" */;
			compatibilityVersion = "Xcode 8.0";
			developmentRegion = en;
			hasScannedForEncodings = 0;
			knownRegions = (
				en,
				Base,
			);
			mainGroup = 452FE185203866AB00FE8847;
			productRefGroup = 452FE18F203866AB00FE8847 /* Products */;
			projectDirPath = "";
			projectRoot = "";
			targets = (
				452FE18D203866AB00FE8847 /* MovieSearch */,
				452FE1A1203866AB00FE8847 /* MovieSearchTests */,
				452FE1AC203866AB00FE8847 /* MovieSearchUITests */,
			);
		};
/* End PBXProject section */

/* Begin PBXResourcesBuildPhase section */
		452FE18C203866AB00FE8847 /* Resources */ = {
			isa = PBXResourcesBuildPhase;
			buildActionMask = 2147483647;
			files = (
				452FE19C203866AB00FE8847 /* LaunchScreen.storyboard in Resources */,
				452FE199203866AB00FE8847 /* Assets.xcassets in Resources */,
				452FE197203866AB00FE8847 /* Main.storyboard in Resources */,
			);
			runOnlyForDeploymentPostprocessing = 0;
		};
		452FE1A0203866AB00FE8847 /* Resources */ = {
			isa = PBXResourcesBuildPhase;
			buildActionMask = 2147483647;
			files = (
			);
			runOnlyForDeploymentPostprocessing = 0;
		};
		452FE1AB203866AB00FE8847 /* Resources */ = {
			isa = PBXResourcesBuildPhase;
			buildActionMask = 2147483647;
			files = (
			);
			runOnlyForDeploymentPostprocessing = 0;
		};
/* End PBXResourcesBuildPhase section */

/* Begin PBXSourcesBuildPhase section */
		452FE18A203866AB00FE8847 /* Sources */ = {
			isa = PBXSourcesBuildPhase;
			buildActionMask = 2147483647;
			files = (
				452FE192203866AB00FE8847 /* AppDelegate.swift in Sources */,
				452FE1C7203868EF00FE8847 /* MSBaseViewController.swift in Sources */,
				452FE1C5203868DA00FE8847 /* MovieDetails.swift in Sources */,
				452FE1CA2038692300FE8847 /* UIColor+Extra.swift in Sources */,
				452FE1CC203869AD00FE8847 /* MovieSearchViewController.swift in Sources */,
			);
			runOnlyForDeploymentPostprocessing = 0;
		};
		452FE19E203866AB00FE8847 /* Sources */ = {
			isa = PBXSourcesBuildPhase;
			buildActionMask = 2147483647;
			files = (
				452FE1CE20386A5700FE8847 /* MovieDetailsTests.swift in Sources */,
			);
			runOnlyForDeploymentPostprocessing = 0;
		};
		452FE1A9203866AB00FE8847 /* Sources */ = {
			isa = PBXSourcesBuildPhase;
			buildActionMask = 2147483647;
			files = (
				452FE1B2203866AB00FE8847 /* MovieSearchUITests.swift in Sources */,
			);
			runOnlyForDeploymentPostprocessing = 0;
		};
/* End PBXSourcesBuildPhase section */

/* Begin PBXTargetDependency section */
		452FE1A4203866AB00FE8847 /* PBXTargetDependency */ = {
			isa = PBXTargetDependency;
			target = 452FE18D203866AB00FE8847 /* MovieSearch */;
			targetProxy = 452FE1A3203866AB00FE8847 /* PBXContainerItemProxy */;
		};
		452FE1AF203866AB00FE8847 /* PBXTargetDependency */ = {
			isa = PBXTargetDependency;
			target = 452FE18D203866AB00FE8847 /* MovieSearch */;
			targetProxy = 452FE1AE203866AB00FE8847 /* PBXContainerItemProxy */;
		};
/* End PBXTargetDependency section */

/* Begin PBXVariantGroup section */
		452FE195203866AB00FE8847 /* Main.storyboard */ = {
			isa = PBXVariantGroup;
			children = (
				452FE196203866AB00FE8847 /* Base */,
			);
			name = Main.storyboard;
			sourceTree = "<group>";
		};
		452FE19A203866AB00FE8847 /* LaunchScreen.storyboard */ = {
			isa = PBXVariantGroup;
			children = (
				452FE19B203866AB00FE8847 /* Base */,
			);
			name = LaunchScreen.storyboard;
			sourceTree = "<group>";
		};
/* End PBXVariantGroup section */

/* Begin XCBuildConfiguration section */
		452FE1B4203866AB00FE8847 /* Debug */ = {
			isa = XCBuildConfiguration;
			buildSettings = {
				ALWAYS_SEARCH_USER_PATHS = NO;
				CLANG_ANALYZER_NONNULL = YES;
				CLANG_ANALYZER_NUMBER_OBJECT_CONVERSION = YES_AGGRESSIVE;
				CLANG_CXX_LANGUAGE_STANDARD = "gnu++14";
				CLANG_CXX_LIBRARY = "libc++";
				CLANG_ENABLE_MODULES = YES;
				CLANG_ENABLE_OBJC_ARC = YES;
				CLANG_WARN_BLOCK_CAPTURE_AUTORELEASING = YES;
				CLANG_WARN_BOOL_CONVERSION = YES;
				CLANG_WARN_COMMA = YES;
				CLANG_WARN_CONSTANT_CONVERSION = YES;
				CLANG_WARN_DIRECT_OBJC_ISA_USAGE = YES_ERROR;
				CLANG_WARN_DOCUMENTATION_COMMENTS = YES;
				CLANG_WARN_EMPTY_BODY = YES;
				CLANG_WARN_ENUM_CONVERSION = YES;
				CLANG_WARN_INFINITE_RECURSION = YES;
				CLANG_WARN_INT_CONVERSION = YES;
				CLANG_WARN_NON_LITERAL_NULL_CONVERSION = YES;
				CLANG_WARN_OBJC_LITERAL_CONVERSION = YES;
				CLANG_WARN_OBJC_ROOT_CLASS = YES_ERROR;
				CLANG_WARN_RANGE_LOOP_ANALYSIS = YES;
				CLANG_WARN_STRICT_PROTOTYPES = YES;
				CLANG_WARN_SUSPICIOUS_MOVE = YES;
				CLANG_WARN_UNGUARDED_AVAILABILITY = YES_AGGRESSIVE;
				CLANG_WARN_UNREACHABLE_CODE = YES;
				CLANG_WARN__DUPLICATE_METHOD_MATCH = YES;
				CODE_SIGN_IDENTITY = "iPhone Developer";
				COPY_PHASE_STRIP = NO;
				DEBUG_INFORMATION_FORMAT = dwarf;
				ENABLE_STRICT_OBJC_MSGSEND = YES;
				ENABLE_TESTABILITY = YES;
				GCC_C_LANGUAGE_STANDARD = gnu11;
				GCC_DYNAMIC_NO_PIC = NO;
				GCC_NO_COMMON_BLOCKS = YES;
				GCC_OPTIMIZATION_LEVEL = 0;
				GCC_PREPROCESSOR_DEFINITIONS = (
					"DEBUG=1",
					"$(inherited)",
				);
				GCC_WARN_64_TO_32_BIT_CONVERSION = YES;
				GCC_WARN_ABOUT_RETURN_TYPE = YES_ERROR;
				GCC_WARN_UNDECLARED_SELECTOR = YES;
				GCC_WARN_UNINITIALIZED_AUTOS = YES_AGGRESSIVE;
				GCC_WARN_UNUSED_FUNCTION = YES;
				GCC_WARN_UNUSED_VARIABLE = YES;
				IPHONEOS_DEPLOYMENT_TARGET = 11.2;
				MTL_ENABLE_DEBUG_INFO = YES;
				ONLY_ACTIVE_ARCH = YES;
				SDKROOT = iphoneos;
				SWIFT_ACTIVE_COMPILATION_CONDITIONS = DEBUG;
				SWIFT_OPTIMIZATION_LEVEL = "-Onone";
			};
			name = Debug;
		};
		452FE1B5203866AB00FE8847 /* Release */ = {
			isa = XCBuildConfiguration;
			buildSettings = {
				ALWAYS_SEARCH_USER_PATHS = NO;
				CLANG_ANALYZER_NONNULL = YES;
				CLANG_ANALYZER_NUMBER_OBJECT_CONVERSION = YES_AGGRESSIVE;
				CLANG_CXX_LANGUAGE_STANDARD = "gnu++14";
				CLANG_CXX_LIBRARY = "libc++";
				CLANG_ENABLE_MODULES = YES;
				CLANG_ENABLE_OBJC_ARC = YES;
				CLANG_WARN_BLOCK_CAPTURE_AUTORELEASING = YES;
				CLANG_WARN_BOOL_CONVERSION = YES;
				CLANG_WARN_COMMA = YES;
				CLANG_WARN_CONSTANT_CONVERSION = YES;
				CLANG_WARN_DIRECT_OBJC_ISA_USAGE = YES_ERROR;
				CLANG_WARN_DOCUMENTATION_COMMENTS = YES;
				CLANG_WARN_EMPTY_BODY = YES;
				CLANG_WARN_ENUM_CONVERSION = YES;
				CLANG_WARN_INFINITE_RECURSION = YES;
				CLANG_WARN_INT_CONVERSION = YES;
				CLANG_WARN_NON_LITERAL_NULL_CONVERSION = YES;
				CLANG_WARN_OBJC_LITERAL_CONVERSION = YES;
				CLANG_WARN_OBJC_ROOT_CLASS = YES_ERROR;
				CLANG_WARN_RANGE_LOOP_ANALYSIS = YES;
				CLANG_WARN_STRICT_PROTOTYPES = YES;
				CLANG_WARN_SUSPICIOUS_MOVE = YES;
				CLANG_WARN_UNGUARDED_AVAILABILITY = YES_AGGRESSIVE;
				CLANG_WARN_UNREACHABLE_CODE = YES;
				CLANG_WARN__DUPLICATE_METHOD_MATCH = YES;
				CODE_SIGN_IDENTITY = "iPhone Developer";
				COPY_PHASE_STRIP = NO;
				DEBUG_INFORMATION_FORMAT = "dwarf-with-dsym";
				ENABLE_NS_ASSERTIONS = NO;
				ENABLE_STRICT_OBJC_MSGSEND = YES;
				GCC_C_LANGUAGE_STANDARD = gnu11;
				GCC_NO_COMMON_BLOCKS = YES;
				GCC_WARN_64_TO_32_BIT_CONVERSION = YES;
				GCC_WARN_ABOUT_RETURN_TYPE = YES_ERROR;
				GCC_WARN_UNDECLARED_SELECTOR = YES;
				GCC_WARN_UNINITIALIZED_AUTOS = YES_AGGRESSIVE;
				GCC_WARN_UNUSED_FUNCTION = YES;
				GCC_WARN_UNUSED_VARIABLE = YES;
				IPHONEOS_DEPLOYMENT_TARGET = 11.2;
				MTL_ENABLE_DEBUG_INFO = NO;
				SDKROOT = iphoneos;
				SWIFT_OPTIMIZATION_LEVEL = "-Owholemodule";
				VALIDATE_PRODUCT = YES;
			};
			name = Release;
		};
		452FE1B7203866AB00FE8847 /* Debug */ = {
			isa = XCBuildConfiguration;
			buildSettings = {
				ASSETCATALOG_COMPILER_APPICON_NAME = AppIcon;
				CODE_SIGN_STYLE = Automatic;
				DEVELOPMENT_TEAM = WM2JAKZ38V;
				INFOPLIST_FILE = MovieSearch/Info.plist;
				LD_RUNPATH_SEARCH_PATHS = "$(inherited) @executable_path/Frameworks";
				PRODUCT_BUNDLE_IDENTIFIER = Ganesh.MovieSearch;
				PRODUCT_NAME = "$(TARGET_NAME)";
				SWIFT_VERSION = 4.0;
				TARGETED_DEVICE_FAMILY = "1,2";
			};
			name = Debug;
		};
		452FE1B8203866AB00FE8847 /* Release */ = {
			isa = XCBuildConfiguration;
			buildSettings = {
				ASSETCATALOG_COMPILER_APPICON_NAME = AppIcon;
				CODE_SIGN_STYLE = Automatic;
				DEVELOPMENT_TEAM = WM2JAKZ38V;
				INFOPLIST_FILE = MovieSearch/Info.plist;
				LD_RUNPATH_SEARCH_PATHS = "$(inherited) @executable_path/Frameworks";
				PRODUCT_BUNDLE_IDENTIFIER = Ganesh.MovieSearch;
				PRODUCT_NAME = "$(TARGET_NAME)";
				SWIFT_VERSION = 4.0;
				TARGETED_DEVICE_FAMILY = "1,2";
			};
			name = Release;
		};
		452FE1BA203866AB00FE8847 /* Debug */ = {
			isa = XCBuildConfiguration;
			buildSettings = {
				ALWAYS_EMBED_SWIFT_STANDARD_LIBRARIES = YES;
				BUNDLE_LOADER = "$(TEST_HOST)";
				CODE_SIGN_STYLE = Automatic;
				DEVELOPMENT_TEAM = WM2JAKZ38V;
				INFOPLIST_FILE = MovieSearchTests/Info.plist;
				LD_RUNPATH_SEARCH_PATHS = "$(inherited) @executable_path/Frameworks @loader_path/Frameworks";
				PRODUCT_BUNDLE_IDENTIFIER = Ganesh.MovieSearchTests;
				PRODUCT_NAME = "$(TARGET_NAME)";
				SWIFT_VERSION = 4.0;
				TARGETED_DEVICE_FAMILY = "1,2";
				TEST_HOST = "$(BUILT_PRODUCTS_DIR)/MovieSearch.app/MovieSearch";
			};
			name = Debug;
		};
		452FE1BB203866AB00FE8847 /* Release */ = {
			isa = XCBuildConfiguration;
			buildSettings = {
				ALWAYS_EMBED_SWIFT_STANDARD_LIBRARIES = YES;
				BUNDLE_LOADER = "$(TEST_HOST)";
				CODE_SIGN_STYLE = Automatic;
				DEVELOPMENT_TEAM = WM2JAKZ38V;
				INFOPLIST_FILE = MovieSearchTests/Info.plist;
				LD_RUNPATH_SEARCH_PATHS = "$(inherited) @executable_path/Frameworks @loader_path/Frameworks";
				PRODUCT_BUNDLE_IDENTIFIER = Ganesh.MovieSearchTests;
				PRODUCT_NAME = "$(TARGET_NAME)";
				SWIFT_VERSION = 4.0;
				TARGETED_DEVICE_FAMILY = "1,2";
				TEST_HOST = "$(BUILT_PRODUCTS_DIR)/MovieSearch.app/MovieSearch";
			};
			name = Release;
		};
		452FE1BD203866AB00FE8847 /* Debug */ = {
			isa = XCBuildConfiguration;
			buildSettings = {
				ALWAYS_EMBED_SWIFT_STANDARD_LIBRARIES = YES;
				CODE_SIGN_STYLE = Automatic;
				DEVELOPMENT_TEAM = WM2JAKZ38V;
				INFOPLIST_FILE = MovieSearchUITests/Info.plist;
				LD_RUNPATH_SEARCH_PATHS = "$(inherited) @executable_path/Frameworks @loader_path/Frameworks";
				PRODUCT_BUNDLE_IDENTIFIER = Ganesh.MovieSearchUITests;
				PRODUCT_NAME = "$(TARGET_NAME)";
				SWIFT_VERSION = 4.0;
				TARGETED_DEVICE_FAMILY = "1,2";
				TEST_TARGET_NAME = MovieSearch;
			};
			name = Debug;
		};
		452FE1BE203866AB00FE8847 /* Release */ = {
			isa = XCBuildConfiguration;
			buildSettings = {
				ALWAYS_EMBED_SWIFT_STANDARD_LIBRARIES = YES;
				CODE_SIGN_STYLE = Automatic;
				DEVELOPMENT_TEAM = WM2JAKZ38V;
				INFOPLIST_FILE = MovieSearchUITests/Info.plist;
				LD_RUNPATH_SEARCH_PATHS = "$(inherited) @executable_path/Frameworks @loader_path/Frameworks";
				PRODUCT_BUNDLE_IDENTIFIER = Ganesh.MovieSearchUITests;
				PRODUCT_NAME = "$(TARGET_NAME)";
				SWIFT_VERSION = 4.0;
				TARGETED_DEVICE_FAMILY = "1,2";
				TEST_TARGET_NAME = MovieSearch;
			};
			name = Release;
		};
/* End XCBuildConfiguration section */

/* Begin XCConfigurationList section */
		452FE189203866AB00FE8847 /* Build configuration list for PBXProject "MovieSearch" */ = {
			isa = XCConfigurationList;
			buildConfigurations = (
				452FE1B4203866AB00FE8847 /* Debug */,
				452FE1B5203866AB00FE8847 /* Release */,
			);
			defaultConfigurationIsVisible = 0;
			defaultConfigurationName = Release;
		};
		452FE1B6203866AB00FE8847 /* Build configuration list for PBXNativeTarget "MovieSearch" */ = {
			isa = XCConfigurationList;
			buildConfigurations = (
				452FE1B7203866AB00FE8847 /* Debug */,
				452FE1B8203866AB00FE8847 /* Release */,
			);
			defaultConfigurationIsVisible = 0;
			defaultConfigurationName = Release;
		};
		452FE1B9203866AB00FE8847 /* Build configuration list for PBXNativeTarget "MovieSearchTests" */ = {
			isa = XCConfigurationList;
			buildConfigurations = (
				452FE1BA203866AB00FE8847 /* Debug */,
				452FE1BB203866AB00FE8847 /* Release */,
			);
			defaultConfigurationIsVisible = 0;
			defaultConfigurationName = Release;
		};
		452FE1BC203866AB00FE8847 /* Build configuration list for PBXNativeTarget "MovieSearchUITests" */ = {
			isa = XCConfigurationList;
			buildConfigurations = (
				452FE1BD203866AB00FE8847 /* Debug */,
				452FE1BE203866AB00FE8847 /* Release */,
			);
			defaultConfigurationIsVisible = 0;
			defaultConfigurationName = Release;
		};
/* End XCConfigurationList section */
	};
	rootObject = 452FE186203866AB00FE8847 /* Project object */;
}
