// !$*UTF8*$!
{
	archiveVersion = 1;
	classes = {
	};
	objectVersion = 48;
	objects = {

/* Begin PBXBuildFile section */
		4520DFAB20397E4A002E472E /* MSServiceFetcherTests.swift in Sources */ = {isa = PBXBuildFile; fileRef = 4520DFAA20397E4A002E472E /* MSServiceFetcherTests.swift */; };
		4520DFAD203990CE002E472E /* DataParserTests.swift in Sources */ = {isa = PBXBuildFile; fileRef = 4520DFAC203990CE002E472E /* DataParserTests.swift */; };
		4520DFB120399193002E472E /* UIViewController+Extra.swift in Sources */ = {isa = PBXBuildFile; fileRef = 4520DFB020399193002E472E /* UIViewController+Extra.swift */; };
		452FE192203866AB00FE8847 /* AppDelegate.swift in Sources */ = {isa = PBXBuildFile; fileRef = 452FE191203866AB00FE8847 /* AppDelegate.swift */; };
		452FE197203866AB00FE8847 /* Main.storyboard in Resources */ = {isa = PBXBuildFile; fileRef = 452FE195203866AB00FE8847 /* Main.storyboard */; };
		452FE199203866AB00FE8847 /* Assets.xcassets in Resources */ = {isa = PBXBuildFile; fileRef = 452FE198203866AB00FE8847 /* Assets.xcassets */; };
		452FE19C203866AB00FE8847 /* LaunchScreen.storyboard in Resources */ = {isa = PBXBuildFile; fileRef = 452FE19A203866AB00FE8847 /* LaunchScreen.storyboard */; };
		452FE1B2203866AB00FE8847 /* MovieSearchUITests.swift in Sources */ = {isa = PBXBuildFile; fileRef = 452FE1B1203866AB00FE8847 /* MovieSearchUITests.swift */; };
		452FE1C5203868DA00FE8847 /* Movie.swift in Sources */ = {isa = PBXBuildFile; fileRef = 452FE1C4203868DA00FE8847 /* Movie.swift */; };
		452FE1C7203868EF00FE8847 /* MSBaseViewController.swift in Sources */ = {isa = PBXBuildFile; fileRef = 452FE1C6203868EF00FE8847 /* MSBaseViewController.swift */; };
		452FE1CA2038692300FE8847 /* UIColor+Extra.swift in Sources */ = {isa = PBXBuildFile; fileRef = 452FE1C92038692300FE8847 /* UIColor+Extra.swift */; };
		452FE1CC203869AD00FE8847 /* MovieSearchViewController.swift in Sources */ = {isa = PBXBuildFile; fileRef = 452FE1CB203869AD00FE8847 /* MovieSearchViewController.swift */; };
		452FE1CE20386A5700FE8847 /* MovieDetailsTests.swift in Sources */ = {isa = PBXBuildFile; fileRef = 452FE1CD20386A5700FE8847 /* MovieDetailsTests.swift */; };
		453373BB20387302007EF2B2 /* MSServiceFetcher.swift in Sources */ = {isa = PBXBuildFile; fileRef = 453373BA20387302007EF2B2 /* MSServiceFetcher.swift */; };
		453373BE20387352007EF2B2 /* MSConstants.swift in Sources */ = {isa = PBXBuildFile; fileRef = 453373BD20387352007EF2B2 /* MSConstants.swift */; };
		453373C0203875A5007EF2B2 /* MovieSearchRequest.swift in Sources */ = {isa = PBXBuildFile; fileRef = 453373BF203875A5007EF2B2 /* MovieSearchRequest.swift */; };
		453373C2203878FB007EF2B2 /* DataParser.swift in Sources */ = {isa = PBXBuildFile; fileRef = 453373C1203878FB007EF2B2 /* DataParser.swift */; };
		453373C4203888A8007EF2B2 /* MovieSearchRequestTests.swift in Sources */ = {isa = PBXBuildFile; fileRef = 453373C3203888A8007EF2B2 /* MovieSearchRequestTests.swift */; };
		453373C620388AB4007EF2B2 /* MSBaseTableViewCell.swift in Sources */ = {isa = PBXBuildFile; fileRef = 453373C520388AB4007EF2B2 /* MSBaseTableViewCell.swift */; };
		453373C820388AE9007EF2B2 /* MSLabel.swift in Sources */ = {isa = PBXBuildFile; fileRef = 453373C720388AE9007EF2B2 /* MSLabel.swift */; };
		453373CB20388C93007EF2B2 /* MovieSearchTableViewCell.swift in Sources */ = {isa = PBXBuildFile; fileRef = 453373C920388C93007EF2B2 /* MovieSearchTableViewCell.swift */; };
		453373CC20388C93007EF2B2 /* MovieSearchTableViewCell.xib in Resources */ = {isa = PBXBuildFile; fileRef = 453373CA20388C93007EF2B2 /* MovieSearchTableViewCell.xib */; };
		453373CE203894D1007EF2B2 /* MSVoteView.swift in Sources */ = {isa = PBXBuildFile; fileRef = 453373CD203894D1007EF2B2 /* MSVoteView.swift */; };
		453373D020389725007EF2B2 /* UIView+Extra.swift in Sources */ = {isa = PBXBuildFile; fileRef = 453373CF20389725007EF2B2 /* UIView+Extra.swift */; };
		453373D220389ACB007EF2B2 /* MSVoteView.xib in Resources */ = {isa = PBXBuildFile; fileRef = 453373D120389ACB007EF2B2 /* MSVoteView.xib */; };
		453373D420389DE1007EF2B2 /* String+Extra.swift in Sources */ = {isa = PBXBuildFile; fileRef = 453373D320389DE1007EF2B2 /* String+Extra.swift */; };
		453373D62038C34B007EF2B2 /* MovieSearchResult.swift in Sources */ = {isa = PBXBuildFile; fileRef = 453373D52038C34B007EF2B2 /* MovieSearchResult.swift */; };
		459920A42039939D006863BC /* Localizable.strings in Resources */ = {isa = PBXBuildFile; fileRef = 459920A32039939D006863BC /* Localizable.strings */; };
		459920A62039A02B006863BC /* MovieSearchManagerTests.swift in Sources */ = {isa = PBXBuildFile; fileRef = 459920A52039A02B006863BC /* MovieSearchManagerTests.swift */; };
		45E7B343203922ED001B568B /* RescentSearch.swift in Sources */ = {isa = PBXBuildFile; fileRef = 45E7B342203922ED001B568B /* RescentSearch.swift */; };
		45E7B346203925E5001B568B /* RescentSearchTableViewCell.swift in Sources */ = {isa = PBXBuildFile; fileRef = 45E7B344203925E5001B568B /* RescentSearchTableViewCell.swift */; };
		45E7B347203925E5001B568B /* RescentSearchTableViewCell.xib in Resources */ = {isa = PBXBuildFile; fileRef = 45E7B345203925E5001B568B /* RescentSearchTableViewCell.xib */; };
		45E7B34920393263001B568B /* MovieImageCache.swift in Sources */ = {isa = PBXBuildFile; fileRef = 45E7B34820393263001B568B /* MovieImageCache.swift */; };
		45E7B34B203939D8001B568B /* MovieSearchManager.swift in Sources */ = {isa = PBXBuildFile; fileRef = 45E7B34A203939D8001B568B /* MovieSearchManager.swift */; };
		45E7B34D20394614001B568B /* MSRefeshControl.swift in Sources */ = {isa = PBXBuildFile; fileRef = 45E7B34C20394614001B568B /* MSRefeshControl.swift */; };
		45E7B34F20394654001B568B /* MSRefeshControl.xib in Resources */ = {isa = PBXBuildFile; fileRef = 45E7B34E20394654001B568B /* MSRefeshControl.xib */; };
/* End PBXBuildFile section */

/* Begin PBXContainerItemProxy section */
		452FE1A3203866AB00FE8847 /* PBXContainerItemProxy */ = {
			isa = PBXContainerItemProxy;
			containerPortal = 452FE186203866AB00FE8847 /* Project object */;
			proxyType = 1;
			remoteGlobalIDString = 452FE18D203866AB00FE8847;
			remoteInfo = MovieSearch;
		};
		452FE1AE203866AB00FE8847 /* PBXContainerItemProxy */ = {
			isa = PBXContainerItemProxy;
			containerPortal = 452FE186203866AB00FE8847 /* Project object */;
			proxyType = 1;
			remoteGlobalIDString = 452FE18D203866AB00FE8847;
			remoteInfo = MovieSearch;
		};
/* End PBXContainerItemProxy section */

/* Begin PBXFileReference section */
		4520DFAA20397E4A002E472E /* MSServiceFetcherTests.swift */ = {isa = PBXFileReference; lastKnownFileType = sourcecode.swift; path = MSServiceFetcherTests.swift; sourceTree = "<group>"; };
		4520DFAC203990CE002E472E /* DataParserTests.swift */ = {isa = PBXFileReference; lastKnownFileType = sourcecode.swift; path = DataParserTests.swift; sourceTree = "<group>"; };
		4520DFB020399193002E472E /* UIViewController+Extra.swift */ = {isa = PBXFileReference; lastKnownFileType = sourcecode.swift; path = "UIViewController+Extra.swift"; sourceTree = "<group>"; };
		452FE18E203866AB00FE8847 /* MovieSearch.app */ = {isa = PBXFileReference; explicitFileType = wrapper.application; includeInIndex = 0; path = MovieSearch.app; sourceTree = BUILT_PRODUCTS_DIR; };
		452FE191203866AB00FE8847 /* AppDelegate.swift */ = {isa = PBXFileReference; lastKnownFileType = sourcecode.swift; path = AppDelegate.swift; sourceTree = "<group>"; };
		452FE196203866AB00FE8847 /* Base */ = {isa = PBXFileReference; lastKnownFileType = file.storyboard; name = Base; path = Base.lproj/Main.storyboard; sourceTree = "<group>"; };
		452FE198203866AB00FE8847 /* Assets.xcassets */ = {isa = PBXFileReference; lastKnownFileType = folder.assetcatalog; path = Assets.xcassets; sourceTree = "<group>"; };
		452FE19B203866AB00FE8847 /* Base */ = {isa = PBXFileReference; lastKnownFileType = file.storyboard; name = Base; path = Base.lproj/LaunchScreen.storyboard; sourceTree = "<group>"; };
		452FE19D203866AB00FE8847 /* Info.plist */ = {isa = PBXFileReference; lastKnownFileType = text.plist.xml; path = Info.plist; sourceTree = "<group>"; };
		452FE1A2203866AB00FE8847 /* MovieSearchTests.xctest */ = {isa = PBXFileReference; explicitFileType = wrapper.cfbundle; includeInIndex = 0; path = MovieSearchTests.xctest; sourceTree = BUILT_PRODUCTS_DIR; };
		452FE1A8203866AB00FE8847 /* Info.plist */ = {isa = PBXFileReference; lastKnownFileType = text.plist.xml; path = Info.plist; sourceTree = "<group>"; };
		452FE1AD203866AB00FE8847 /* MovieSearchUITests.xctest */ = {isa = PBXFileReference; explicitFileType = wrapper.cfbundle; includeInIndex = 0; path = MovieSearchUITests.xctest; sourceTree = BUILT_PRODUCTS_DIR; };
		452FE1B1203866AB00FE8847 /* MovieSearchUITests.swift */ = {isa = PBXFileReference; lastKnownFileType = sourcecode.swift; path = MovieSearchUITests.swift; sourceTree = "<group>"; };
		452FE1B3203866AB00FE8847 /* Info.plist */ = {isa = PBXFileReference; lastKnownFileType = text.plist.xml; path = Info.plist; sourceTree = "<group>"; };
		452FE1C4203868DA00FE8847 /* Movie.swift */ = {isa = PBXFileReference; fileEncoding = 4; lastKnownFileType = sourcecode.swift; path = Movie.swift; sourceTree = "<group>"; };
		452FE1C6203868EF00FE8847 /* MSBaseViewController.swift */ = {isa = PBXFileReference; fileEncoding = 4; lastKnownFileType = sourcecode.swift; path = MSBaseViewController.swift; sourceTree = "<group>"; };
		452FE1C92038692300FE8847 /* UIColor+Extra.swift */ = {isa = PBXFileReference; fileEncoding = 4; lastKnownFileType = sourcecode.swift; path = "UIColor+Extra.swift"; sourceTree = "<group>"; };
		452FE1CB203869AD00FE8847 /* MovieSearchViewController.swift */ = {isa = PBXFileReference; lastKnownFileType = sourcecode.swift; path = MovieSearchViewController.swift; sourceTree = "<group>"; };
		452FE1CD20386A5700FE8847 /* MovieDetailsTests.swift */ = {isa = PBXFileReference; lastKnownFileType = sourcecode.swift; path = MovieDetailsTests.swift; sourceTree = "<group>"; };
		453373BA20387302007EF2B2 /* MSServiceFetcher.swift */ = {isa = PBXFileReference; lastKnownFileType = sourcecode.swift; path = MSServiceFetcher.swift; sourceTree = "<group>"; };
		453373BD20387352007EF2B2 /* MSConstants.swift */ = {isa = PBXFileReference; lastKnownFileType = sourcecode.swift; path = MSConstants.swift; sourceTree = "<group>"; };
		453373BF203875A5007EF2B2 /* MovieSearchRequest.swift */ = {isa = PBXFileReference; lastKnownFileType = sourcecode.swift; path = MovieSearchRequest.swift; sourceTree = "<group>"; };
		453373C1203878FB007EF2B2 /* DataParser.swift */ = {isa = PBXFileReference; lastKnownFileType = sourcecode.swift; path = DataParser.swift; sourceTree = "<group>"; };
		453373C3203888A8007EF2B2 /* MovieSearchRequestTests.swift */ = {isa = PBXFileReference; lastKnownFileType = sourcecode.swift; path = MovieSearchRequestTests.swift; sourceTree = "<group>"; };
		453373C520388AB4007EF2B2 /* MSBaseTableViewCell.swift */ = {isa = PBXFileReference; lastKnownFileType = sourcecode.swift; path = MSBaseTableViewCell.swift; sourceTree = "<group>"; };
		453373C720388AE9007EF2B2 /* MSLabel.swift */ = {isa = PBXFileReference; lastKnownFileType = sourcecode.swift; path = MSLabel.swift; sourceTree = "<group>"; };
		453373C920388C93007EF2B2 /* MovieSearchTableViewCell.swift */ = {isa = PBXFileReference; lastKnownFileType = sourcecode.swift; path = MovieSearchTableViewCell.swift; sourceTree = "<group>"; };
		453373CA20388C93007EF2B2 /* MovieSearchTableViewCell.xib */ = {isa = PBXFileReference; lastKnownFileType = file.xib; path = MovieSearchTableViewCell.xib; sourceTree = "<group>"; };
		453373CD203894D1007EF2B2 /* MSVoteView.swift */ = {isa = PBXFileReference; lastKnownFileType = sourcecode.swift; path = MSVoteView.swift; sourceTree = "<group>"; };
		453373CF20389725007EF2B2 /* UIView+Extra.swift */ = {isa = PBXFileReference; lastKnownFileType = sourcecode.swift; path = "UIView+Extra.swift"; sourceTree = "<group>"; };
		453373D120389ACB007EF2B2 /* MSVoteView.xib */ = {isa = PBXFileReference; lastKnownFileType = file.xib; path = MSVoteView.xib; sourceTree = "<group>"; };
		453373D320389DE1007EF2B2 /* String+Extra.swift */ = {isa = PBXFileReference; lastKnownFileType = sourcecode.swift; path = "String+Extra.swift"; sourceTree = "<group>"; };
		453373D52038C34B007EF2B2 /* MovieSearchResult.swift */ = {isa = PBXFileReference; lastKnownFileType = sourcecode.swift; path = MovieSearchResult.swift; sourceTree = "<group>"; };
		459920A32039939D006863BC /* Localizable.strings */ = {isa = PBXFileReference; lastKnownFileType = text.plist.strings; path = Localizable.strings; sourceTree = "<group>"; };
		459920A52039A02B006863BC /* MovieSearchManagerTests.swift */ = {isa = PBXFileReference; lastKnownFileType = sourcecode.swift; path = MovieSearchManagerTests.swift; sourceTree = "<group>"; };
		45E7B342203922ED001B568B /* RescentSearch.swift */ = {isa = PBXFileReference; lastKnownFileType = sourcecode.swift; path = RescentSearch.swift; sourceTree = "<group>"; };
		45E7B344203925E5001B568B /* RescentSearchTableViewCell.swift */ = {isa = PBXFileReference; lastKnownFileType = sourcecode.swift; path = RescentSearchTableViewCell.swift; sourceTree = "<group>"; };
		45E7B345203925E5001B568B /* RescentSearchTableViewCell.xib */ = {isa = PBXFileReference; lastKnownFileType = file.xib; path = RescentSearchTableViewCell.xib; sourceTree = "<group>"; };
		45E7B34820393263001B568B /* MovieImageCache.swift */ = {isa = PBXFileReference; lastKnownFileType = sourcecode.swift; path = MovieImageCache.swift; sourceTree = "<group>"; };
		45E7B34A203939D8001B568B /* MovieSearchManager.swift */ = {isa = PBXFileReference; lastKnownFileType = sourcecode.swift; path = MovieSearchManager.swift; sourceTree = "<group>"; };
		45E7B34C20394614001B568B /* MSRefeshControl.swift */ = {isa = PBXFileReference; lastKnownFileType = sourcecode.swift; path = MSRefeshControl.swift; sourceTree = "<group>"; };
		45E7B34E20394654001B568B /* MSRefeshControl.xib */ = {isa = PBXFileReference; lastKnownFileType = file.xib; path = MSRefeshControl.xib; sourceTree = "<group>"; };
/* End PBXFileReference section */

/* Begin PBXFrameworksBuildPhase section */
		452FE18B203866AB00FE8847 /* Frameworks */ = {
			isa = PBXFrameworksBuildPhase;
			buildActionMask = 2147483647;
			files = (
			);
			runOnlyForDeploymentPostprocessing = 0;
		};
		452FE19F203866AB00FE8847 /* Frameworks */ = {
			isa = PBXFrameworksBuildPhase;
			buildActionMask = 2147483647;
			files = (
			);
			runOnlyForDeploymentPostprocessing = 0;
		};
		452FE1AA203866AB00FE8847 /* Frameworks */ = {
			isa = PBXFrameworksBuildPhase;
			buildActionMask = 2147483647;
			files = (
			);
			runOnlyForDeploymentPostprocessing = 0;
		};
/* End PBXFrameworksBuildPhase section */

/* Begin PBXGroup section */
		452FE185203866AB00FE8847 = {
			isa = PBXGroup;
			children = (
				452FE190203866AB00FE8847 /* MovieSearch */,
				452FE1A5203866AB00FE8847 /* MovieSearchTests */,
				452FE1B0203866AB00FE8847 /* MovieSearchUITests */,
				452FE18F203866AB00FE8847 /* Products */,
			);
			sourceTree = "<group>";
		};
		452FE18F203866AB00FE8847 /* Products */ = {
			isa = PBXGroup;
			children = (
				452FE18E203866AB00FE8847 /* MovieSearch.app */,
				452FE1A2203866AB00FE8847 /* MovieSearchTests.xctest */,
				452FE1AD203866AB00FE8847 /* MovieSearchUITests.xctest */,
			);
			name = Products;
			sourceTree = "<group>";
		};
		452FE190203866AB00FE8847 /* MovieSearch */ = {
			isa = PBXGroup;
			children = (
				453373BC2038732E007EF2B2 /* Constants */,
				452FE1C2203868AC00FE8847 /* Controllers */,
				452FE1D020386C0A00FE8847 /* Views */,
				452FE1C3203868C000FE8847 /* Models */,
				452FE1CF20386BF100FE8847 /* WebServices */,
				452FE1C82038691400FE8847 /* Categories */,
				452FE191203866AB00FE8847 /* AppDelegate.swift */,
				459920A32039939D006863BC /* Localizable.strings */,
				452FE195203866AB00FE8847 /* Main.storyboard */,
				452FE198203866AB00FE8847 /* Assets.xcassets */,
				452FE19A203866AB00FE8847 /* LaunchScreen.storyboard */,
				452FE19D203866AB00FE8847 /* Info.plist */,
			);
			path = MovieSearch;
			sourceTree = "<group>";
		};
		452FE1A5203866AB00FE8847 /* MovieSearchTests */ = {
			isa = PBXGroup;
			children = (
				452FE1CD20386A5700FE8847 /* MovieDetailsTests.swift */,
				453373C3203888A8007EF2B2 /* MovieSearchRequestTests.swift */,
				4520DFAA20397E4A002E472E /* MSServiceFetcherTests.swift */,
				4520DFAC203990CE002E472E /* DataParserTests.swift */,
				459920A52039A02B006863BC /* MovieSearchManagerTests.swift */,
				452FE1A8203866AB00FE8847 /* Info.plist */,
			);
			path = MovieSearchTests;
			sourceTree = "<group>";
		};
		452FE1B0203866AB00FE8847 /* MovieSearchUITests */ = {
			isa = PBXGroup;
			children = (
				452FE1B1203866AB00FE8847 /* MovieSearchUITests.swift */,
				452FE1B3203866AB00FE8847 /* Info.plist */,
			);
			path = MovieSearchUITests;
			sourceTree = "<group>";
		};
		452FE1C2203868AC00FE8847 /* Controllers */ = {
			isa = PBXGroup;
			children = (
				452FE1C6203868EF00FE8847 /* MSBaseViewController.swift */,
				452FE1CB203869AD00FE8847 /* MovieSearchViewController.swift */,
			);
			path = Controllers;
			sourceTree = "<group>";
		};
		452FE1C3203868C000FE8847 /* Models */ = {
			isa = PBXGroup;
			children = (
				452FE1C4203868DA00FE8847 /* Movie.swift */,
				453373D52038C34B007EF2B2 /* MovieSearchResult.swift */,
				45E7B342203922ED001B568B /* RescentSearch.swift */,
				45E7B34A203939D8001B568B /* MovieSearchManager.swift */,
			);
			path = Models;
			sourceTree = "<group>";
		};
		452FE1C82038691400FE8847 /* Categories */ = {
			isa = PBXGroup;
			children = (
				452FE1C92038692300FE8847 /* UIColor+Extra.swift */,
				453373CF20389725007EF2B2 /* UIView+Extra.swift */,
				453373D320389DE1007EF2B2 /* String+Extra.swift */,
				4520DFB020399193002E472E /* UIViewController+Extra.swift */,
			);
			path = Categories;
			sourceTree = "<group>";
		};
		452FE1CF20386BF100FE8847 /* WebServices */ = {
			isa = PBXGroup;
			children = (
				453373BA20387302007EF2B2 /* MSServiceFetcher.swift */,
				453373BF203875A5007EF2B2 /* MovieSearchRequest.swift */,
				453373C1203878FB007EF2B2 /* DataParser.swift */,
				45E7B34820393263001B568B /* MovieImageCache.swift */,
			);
			path = WebServices;
			sourceTree = "<group>";
		};
		452FE1D020386C0A00FE8847 /* Views */ = {
			isa = PBXGroup;
			children = (
				453373C520388AB4007EF2B2 /* MSBaseTableViewCell.swift */,
				453373C920388C93007EF2B2 /* MovieSearchTableViewCell.swift */,
				453373CA20388C93007EF2B2 /* MovieSearchTableViewCell.xib */,
				45E7B344203925E5001B568B /* RescentSearchTableViewCell.swift */,
				45E7B345203925E5001B568B /* RescentSearchTableViewCell.xib */,
				453373C720388AE9007EF2B2 /* MSLabel.swift */,
				453373CD203894D1007EF2B2 /* MSVoteView.swift */,
				453373D120389ACB007EF2B2 /* MSVoteView.xib */,
				45E7B34C20394614001B568B /* MSRefeshControl.swift */,
				45E7B34E20394654001B568B /* MSRefeshControl.xib */,
			);
			path = Views;
			sourceTree = "<group>";
		};
		453373BC2038732E007EF2B2 /* Constants */ = {
			isa = PBXGroup;
			children = (
				453373BD20387352007EF2B2 /* MSConstants.swift */,
			);
			path = Constants;
			sourceTree = "<group>";
		};
/* End PBXGroup section */

/* Begin PBXNativeTarget section */
		452FE18D203866AB00FE8847 /* MovieSearch */ = {
			isa = PBXNativeTarget;
			buildConfigurationList = 452FE1B6203866AB00FE8847 /* Build configuration list for PBXNativeTarget "MovieSearch" */;
			buildPhases = (
				452FE18A203866AB00FE8847 /* Sources */,
				452FE18B203866AB00FE8847 /* Frameworks */,
				452FE18C203866AB00FE8847 /* Resources */,
			);
			buildRules = (
			);
			dependencies = (
			);
			name = MovieSearch;
			productName = MovieSearch;
			productReference = 452FE18E203866AB00FE8847 /* MovieSearch.app */;
			productType = "com.apple.product-type.application";
		};
		452FE1A1203866AB00FE8847 /* MovieSearchTests */ = {
			isa = PBXNativeTarget;
			buildConfigurationList = 452FE1B9203866AB00FE8847 /* Build configuration list for PBXNativeTarget "MovieSearchTests" */;
			buildPhases = (
				452FE19E203866AB00FE8847 /* Sources */,
				452FE19F203866AB00FE8847 /* Frameworks */,
				452FE1A0203866AB00FE8847 /* Resources */,
			);
			buildRules = (
			);
			dependencies = (
				452FE1A4203866AB00FE8847 /* PBXTargetDependency */,
			);
			name = MovieSearchTests;
			productName = MovieSearchTests;
			productReference = 452FE1A2203866AB00FE8847 /* MovieSearchTests.xctest */;
			productType = "com.apple.product-type.bundle.unit-test";
		};
		452FE1AC203866AB00FE8847 /* MovieSearchUITests */ = {
			isa = PBXNativeTarget;
			buildConfigurationList = 452FE1BC203866AB00FE8847 /* Build configuration list for PBXNativeTarget "MovieSearchUITests" */;
			buildPhases = (
				452FE1A9203866AB00FE8847 /* Sources */,
				452FE1AA203866AB00FE8847 /* Frameworks */,
				452FE1AB203866AB00FE8847 /* Resources */,
			);
			buildRules = (
			);
			dependencies = (
				452FE1AF203866AB00FE8847 /* PBXTargetDependency */,
			);
			name = MovieSearchUITests;
			productName = MovieSearchUITests;
			productReference = 452FE1AD203866AB00FE8847 /* MovieSearchUITests.xctest */;
			productType = "com.apple.product-type.bundle.ui-testing";
		};
/* End PBXNativeTarget section */

/* Begin PBXProject section */
		452FE186203866AB00FE8847 /* Project object */ = {
			isa = PBXProject;
			attributes = {
				LastSwiftUpdateCheck = 0920;
				LastUpgradeCheck = 0920;
				ORGANIZATIONNAME = Ganesh;
				TargetAttributes = {
					452FE18D203866AB00FE8847 = {
						CreatedOnToolsVersion = 9.2;
						ProvisioningStyle = Automatic;
					};
					452FE1A1203866AB00FE8847 = {
						CreatedOnToolsVersion = 9.2;
						ProvisioningStyle = Automatic;
						TestTargetID = 452FE18D203866AB00FE8847;
					};
					452FE1AC203866AB00FE8847 = {
						CreatedOnToolsVersion = 9.2;
						ProvisioningStyle = Automatic;
						TestTargetID = 452FE18D203866AB00FE8847;
					};
				};
			};
			buildConfigurationList = 452FE189203866AB00FE8847 /* Build configuration list for PBXProject "MovieSearch" */;
			compatibilityVersion = "Xcode 8.0";
			developmentRegion = en;
			hasScannedForEncodings = 0;
			knownRegions = (
				en,
				Base,
			);
			mainGroup = 452FE185203866AB00FE8847;
			productRefGroup = 452FE18F203866AB00FE8847 /* Products */;
			projectDirPath = "";
			projectRoot = "";
			targets = (
				452FE18D203866AB00FE8847 /* MovieSearch */,
				452FE1A1203866AB00FE8847 /* MovieSearchTests */,
				452FE1AC203866AB00FE8847 /* MovieSearchUITests */,
			);
		};
/* End PBXProject section */

/* Begin PBXResourcesBuildPhase section */
		452FE18C203866AB00FE8847 /* Resources */ = {
			isa = PBXResourcesBuildPhase;
			buildActionMask = 2147483647;
			files = (
				45E7B347203925E5001B568B /* RescentSearchTableViewCell.xib in Resources */,
				452FE19C203866AB00FE8847 /* LaunchScreen.storyboard in Resources */,
				453373D220389ACB007EF2B2 /* MSVoteView.xib in Resources */,
				45E7B34F20394654001B568B /* MSRefeshControl.xib in Resources */,
				452FE199203866AB00FE8847 /* Assets.xcassets in Resources */,
				459920A42039939D006863BC /* Localizable.strings in Resources */,
				453373CC20388C93007EF2B2 /* MovieSearchTableViewCell.xib in Resources */,
				452FE197203866AB00FE8847 /* Main.storyboard in Resources */,
			);
			runOnlyForDeploymentPostprocessing = 0;
		};
		452FE1A0203866AB00FE8847 /* Resources */ = {
			isa = PBXResourcesBuildPhase;
			buildActionMask = 2147483647;
			files = (
			);
			runOnlyForDeploymentPostprocessing = 0;
		};
		452FE1AB203866AB00FE8847 /* Resources */ = {
			isa = PBXResourcesBuildPhase;
			buildActionMask = 2147483647;
			files = (
			);
			runOnlyForDeploymentPostprocessing = 0;
		};
/* End PBXResourcesBuildPhase section */

/* Begin PBXSourcesBuildPhase section */
		452FE18A203866AB00FE8847 /* Sources */ = {
			isa = PBXSourcesBuildPhase;
			buildActionMask = 2147483647;
			files = (
				45E7B346203925E5001B568B /* RescentSearchTableViewCell.swift in Sources */,
				452FE192203866AB00FE8847 /* AppDelegate.swift in Sources */,
				453373D020389725007EF2B2 /* UIView+Extra.swift in Sources */,
				453373CE203894D1007EF2B2 /* MSVoteView.swift in Sources */,
				453373BB20387302007EF2B2 /* MSServiceFetcher.swift in Sources */,
				453373CB20388C93007EF2B2 /* MovieSearchTableViewCell.swift in Sources */,
				453373C0203875A5007EF2B2 /* MovieSearchRequest.swift in Sources */,
				452FE1C7203868EF00FE8847 /* MSBaseViewController.swift in Sources */,
				45E7B34B203939D8001B568B /* MovieSearchManager.swift in Sources */,
				453373D62038C34B007EF2B2 /* MovieSearchResult.swift in Sources */,
				453373BE20387352007EF2B2 /* MSConstants.swift in Sources */,
				453373D420389DE1007EF2B2 /* String+Extra.swift in Sources */,
				45E7B343203922ED001B568B /* RescentSearch.swift in Sources */,
				452FE1C5203868DA00FE8847 /* Movie.swift in Sources */,
				452FE1CA2038692300FE8847 /* UIColor+Extra.swift in Sources */,
				45E7B34920393263001B568B /* MovieImageCache.swift in Sources */,
				45E7B34D20394614001B568B /* MSRefeshControl.swift in Sources */,
				452FE1CC203869AD00FE8847 /* MovieSearchViewController.swift in Sources */,
				4520DFB120399193002E472E /* UIViewController+Extra.swift in Sources */,
				453373C620388AB4007EF2B2 /* MSBaseTableViewCell.swift in Sources */,
				453373C820388AE9007EF2B2 /* MSLabel.swift in Sources */,
				453373C2203878FB007EF2B2 /* DataParser.swift in Sources */,
			);
			runOnlyForDeploymentPostprocessing = 0;
		};
		452FE19E203866AB00FE8847 /* Sources */ = {
			isa = PBXSourcesBuildPhase;
			buildActionMask = 2147483647;
			files = (
				4520DFAB20397E4A002E472E /* MSServiceFetcherTests.swift in Sources */,
				459920A62039A02B006863BC /* MovieSearchManagerTests.swift in Sources */,
				453373C4203888A8007EF2B2 /* MovieSearchRequestTests.swift in Sources */,
				4520DFAD203990CE002E472E /* DataParserTests.swift in Sources */,
				452FE1CE20386A5700FE8847 /* MovieDetailsTests.swift in Sources */,
			);
			runOnlyForDeploymentPostprocessing = 0;
		};
		452FE1A9203866AB00FE8847 /* Sources */ = {
			isa = PBXSourcesBuildPhase;
			buildActionMask = 2147483647;
			files = (
				452FE1B2203866AB00FE8847 /* MovieSearchUITests.swift in Sources */,
			);
			runOnlyForDeploymentPostprocessing = 0;
		};
/* End PBXSourcesBuildPhase section */

/* Begin PBXTargetDependency section */
		452FE1A4203866AB00FE8847 /* PBXTargetDependency */ = {
			isa = PBXTargetDependency;
			target = 452FE18D203866AB00FE8847 /* MovieSearch */;
			targetProxy = 452FE1A3203866AB00FE8847 /* PBXContainerItemProxy */;
		};
		452FE1AF203866AB00FE8847 /* PBXTargetDependency */ = {
			isa = PBXTargetDependency;
			target = 452FE18D203866AB00FE8847 /* MovieSearch */;
			targetProxy = 452FE1AE203866AB00FE8847 /* PBXContainerItemProxy */;
		};
/* End PBXTargetDependency section */

/* Begin PBXVariantGroup section */
		452FE195203866AB00FE8847 /* Main.storyboard */ = {
			isa = PBXVariantGroup;
			children = (
				452FE196203866AB00FE8847 /* Base */,
			);
			name = Main.storyboard;
			sourceTree = "<group>";
		};
		452FE19A203866AB00FE8847 /* LaunchScreen.storyboard */ = {
			isa = PBXVariantGroup;
			children = (
				452FE19B203866AB00FE8847 /* Base */,
			);
			name = LaunchScreen.storyboard;
			sourceTree = "<group>";
		};
/* End PBXVariantGroup section */

/* Begin XCBuildConfiguration section */
		452FE1B4203866AB00FE8847 /* Debug */ = {
			isa = XCBuildConfiguration;
			buildSettings = {
				ALWAYS_SEARCH_USER_PATHS = NO;
				CLANG_ANALYZER_NONNULL = YES;
				CLANG_ANALYZER_NUMBER_OBJECT_CONVERSION = YES_AGGRESSIVE;
				CLANG_CXX_LANGUAGE_STANDARD = "gnu++14";
				CLANG_CXX_LIBRARY = "libc++";
				CLANG_ENABLE_MODULES = YES;
				CLANG_ENABLE_OBJC_ARC = YES;
				CLANG_WARN_BLOCK_CAPTURE_AUTORELEASING = YES;
				CLANG_WARN_BOOL_CONVERSION = YES;
				CLANG_WARN_COMMA = YES;
				CLANG_WARN_CONSTANT_CONVERSION = YES;
				CLANG_WARN_DIRECT_OBJC_ISA_USAGE = YES_ERROR;
				CLANG_WARN_DOCUMENTATION_COMMENTS = YES;
				CLANG_WARN_EMPTY_BODY = YES;
				CLANG_WARN_ENUM_CONVERSION = YES;
				CLANG_WARN_INFINITE_RECURSION = YES;
				CLANG_WARN_INT_CONVERSION = YES;
				CLANG_WARN_NON_LITERAL_NULL_CONVERSION = YES;
				CLANG_WARN_OBJC_LITERAL_CONVERSION = YES;
				CLANG_WARN_OBJC_ROOT_CLASS = YES_ERROR;
				CLANG_WARN_RANGE_LOOP_ANALYSIS = YES;
				CLANG_WARN_STRICT_PROTOTYPES = YES;
				CLANG_WARN_SUSPICIOUS_MOVE = YES;
				CLANG_WARN_UNGUARDED_AVAILABILITY = YES_AGGRESSIVE;
				CLANG_WARN_UNREACHABLE_CODE = YES;
				CLANG_WARN__DUPLICATE_METHOD_MATCH = YES;
				CODE_SIGN_IDENTITY = "iPhone Developer";
				COPY_PHASE_STRIP = NO;
				DEBUG_INFORMATION_FORMAT = dwarf;
				ENABLE_STRICT_OBJC_MSGSEND = YES;
				ENABLE_TESTABILITY = YES;
				GCC_C_LANGUAGE_STANDARD = gnu11;
				GCC_DYNAMIC_NO_PIC = NO;
				GCC_NO_COMMON_BLOCKS = YES;
				GCC_OPTIMIZATION_LEVEL = 0;
				GCC_PREPROCESSOR_DEFINITIONS = (
					"DEBUG=1",
					"$(inherited)",
				);
				GCC_WARN_64_TO_32_BIT_CONVERSION = YES;
				GCC_WARN_ABOUT_RETURN_TYPE = YES_ERROR;
				GCC_WARN_UNDECLARED_SELECTOR = YES;
				GCC_WARN_UNINITIALIZED_AUTOS = YES_AGGRESSIVE;
				GCC_WARN_UNUSED_FUNCTION = YES;
				GCC_WARN_UNUSED_VARIABLE = YES;
				IPHONEOS_DEPLOYMENT_TARGET = 11.2;
				MTL_ENABLE_DEBUG_INFO = YES;
				ONLY_ACTIVE_ARCH = YES;
				SDKROOT = iphoneos;
				SWIFT_ACTIVE_COMPILATION_CONDITIONS = DEBUG;
				SWIFT_OPTIMIZATION_LEVEL = "-Onone";
			};
			name = Debug;
		};
		452FE1B5203866AB00FE8847 /* Release */ = {
			isa = XCBuildConfiguration;
			buildSettings = {
				ALWAYS_SEARCH_USER_PATHS = NO;
				CLANG_ANALYZER_NONNULL = YES;
				CLANG_ANALYZER_NUMBER_OBJECT_CONVERSION = YES_AGGRESSIVE;
				CLANG_CXX_LANGUAGE_STANDARD = "gnu++14";
				CLANG_CXX_LIBRARY = "libc++";
				CLANG_ENABLE_MODULES = YES;
				CLANG_ENABLE_OBJC_ARC = YES;
				CLANG_WARN_BLOCK_CAPTURE_AUTORELEASING = YES;
				CLANG_WARN_BOOL_CONVERSION = YES;
				CLANG_WARN_COMMA = YES;
				CLANG_WARN_CONSTANT_CONVERSION = YES;
				CLANG_WARN_DIRECT_OBJC_ISA_USAGE = YES_ERROR;
				CLANG_WARN_DOCUMENTATION_COMMENTS = YES;
				CLANG_WARN_EMPTY_BODY = YES;
				CLANG_WARN_ENUM_CONVERSION = YES;
				CLANG_WARN_INFINITE_RECURSION = YES;
				CLANG_WARN_INT_CONVERSION = YES;
				CLANG_WARN_NON_LITERAL_NULL_CONVERSION = YES;
				CLANG_WARN_OBJC_LITERAL_CONVERSION = YES;
				CLANG_WARN_OBJC_ROOT_CLASS = YES_ERROR;
				CLANG_WARN_RANGE_LOOP_ANALYSIS = YES;
				CLANG_WARN_STRICT_PROTOTYPES = YES;
				CLANG_WARN_SUSPICIOUS_MOVE = YES;
				CLANG_WARN_UNGUARDED_AVAILABILITY = YES_AGGRESSIVE;
				CLANG_WARN_UNREACHABLE_CODE = YES;
				CLANG_WARN__DUPLICATE_METHOD_MATCH = YES;
				CODE_SIGN_IDENTITY = "iPhone Developer";
				COPY_PHASE_STRIP = NO;
				DEBUG_INFORMATION_FORMAT = "dwarf-with-dsym";
				ENABLE_NS_ASSERTIONS = NO;
				ENABLE_STRICT_OBJC_MSGSEND = YES;
				GCC_C_LANGUAGE_STANDARD = gnu11;
				GCC_NO_COMMON_BLOCKS = YES;
				GCC_WARN_64_TO_32_BIT_CONVERSION = YES;
				GCC_WARN_ABOUT_RETURN_TYPE = YES_ERROR;
				GCC_WARN_UNDECLARED_SELECTOR = YES;
				GCC_WARN_UNINITIALIZED_AUTOS = YES_AGGRESSIVE;
				GCC_WARN_UNUSED_FUNCTION = YES;
				GCC_WARN_UNUSED_VARIABLE = YES;
				IPHONEOS_DEPLOYMENT_TARGET = 11.2;
				MTL_ENABLE_DEBUG_INFO = NO;
				SDKROOT = iphoneos;
				SWIFT_OPTIMIZATION_LEVEL = "-Owholemodule";
				VALIDATE_PRODUCT = YES;
			};
			name = Release;
		};
		452FE1B7203866AB00FE8847 /* Debug */ = {
			isa = XCBuildConfiguration;
			buildSettings = {
				ASSETCATALOG_COMPILER_APPICON_NAME = AppIcon;
				CODE_SIGN_STYLE = Automatic;
				DEVELOPMENT_TEAM = WM2JAKZ38V;
				INFOPLIST_FILE = MovieSearch/Info.plist;
				LD_RUNPATH_SEARCH_PATHS = "$(inherited) @executable_path/Frameworks";
				PRODUCT_BUNDLE_IDENTIFIER = Ganesh.MovieSearch;
				PRODUCT_NAME = "$(TARGET_NAME)";
				SWIFT_VERSION = 4.0;
				TARGETED_DEVICE_FAMILY = "1,2";
			};
			name = Debug;
		};
		452FE1B8203866AB00FE8847 /* Release */ = {
			isa = XCBuildConfiguration;
			buildSettings = {
				ASSETCATALOG_COMPILER_APPICON_NAME = AppIcon;
				CODE_SIGN_STYLE = Automatic;
				DEVELOPMENT_TEAM = WM2JAKZ38V;
				INFOPLIST_FILE = MovieSearch/Info.plist;
				LD_RUNPATH_SEARCH_PATHS = "$(inherited) @executable_path/Frameworks";
				PRODUCT_BUNDLE_IDENTIFIER = Ganesh.MovieSearch;
				PRODUCT_NAME = "$(TARGET_NAME)";
				SWIFT_VERSION = 4.0;
				TARGETED_DEVICE_FAMILY = "1,2";
			};
			name = Release;
		};
		452FE1BA203866AB00FE8847 /* Debug */ = {
			isa = XCBuildConfiguration;
			buildSettings = {
				ALWAYS_EMBED_SWIFT_STANDARD_LIBRARIES = YES;
				BUNDLE_LOADER = "$(TEST_HOST)";
				CODE_SIGN_STYLE = Automatic;
				DEVELOPMENT_TEAM = WM2JAKZ38V;
				INFOPLIST_FILE = MovieSearchTests/Info.plist;
				LD_RUNPATH_SEARCH_PATHS = "$(inherited) @executable_path/Frameworks @loader_path/Frameworks";
				PRODUCT_BUNDLE_IDENTIFIER = Ganesh.MovieSearchTests;
				PRODUCT_NAME = "$(TARGET_NAME)";
				SWIFT_VERSION = 4.0;
				TARGETED_DEVICE_FAMILY = "1,2";
				TEST_HOST = "$(BUILT_PRODUCTS_DIR)/MovieSearch.app/MovieSearch";
			};
			name = Debug;
		};
		452FE1BB203866AB00FE8847 /* Release */ = {
			isa = XCBuildConfiguration;
			buildSettings = {
				ALWAYS_EMBED_SWIFT_STANDARD_LIBRARIES = YES;
				BUNDLE_LOADER = "$(TEST_HOST)";
				CODE_SIGN_STYLE = Automatic;
				DEVELOPMENT_TEAM = WM2JAKZ38V;
				INFOPLIST_FILE = MovieSearchTests/Info.plist;
				LD_RUNPATH_SEARCH_PATHS = "$(inherited) @executable_path/Frameworks @loader_path/Frameworks";
				PRODUCT_BUNDLE_IDENTIFIER = Ganesh.MovieSearchTests;
				PRODUCT_NAME = "$(TARGET_NAME)";
				SWIFT_VERSION = 4.0;
				TARGETED_DEVICE_FAMILY = "1,2";
				TEST_HOST = "$(BUILT_PRODUCTS_DIR)/MovieSearch.app/MovieSearch";
			};
			name = Release;
		};
		452FE1BD203866AB00FE8847 /* Debug */ = {
			isa = XCBuildConfiguration;
			buildSettings = {
				ALWAYS_EMBED_SWIFT_STANDARD_LIBRARIES = YES;
				CODE_SIGN_STYLE = Automatic;
				DEVELOPMENT_TEAM = WM2JAKZ38V;
				INFOPLIST_FILE = MovieSearchUITests/Info.plist;
				LD_RUNPATH_SEARCH_PATHS = "$(inherited) @executable_path/Frameworks @loader_path/Frameworks";
				PRODUCT_BUNDLE_IDENTIFIER = Ganesh.MovieSearchUITests;
				PRODUCT_NAME = "$(TARGET_NAME)";
				SWIFT_VERSION = 4.0;
				TARGETED_DEVICE_FAMILY = "1,2";
				TEST_TARGET_NAME = MovieSearch;
			};
			name = Debug;
		};
		452FE1BE203866AB00FE8847 /* Release */ = {
			isa = XCBuildConfiguration;
			buildSettings = {
				ALWAYS_EMBED_SWIFT_STANDARD_LIBRARIES = YES;
				CODE_SIGN_STYLE = Automatic;
				DEVELOPMENT_TEAM = WM2JAKZ38V;
				INFOPLIST_FILE = MovieSearchUITests/Info.plist;
				LD_RUNPATH_SEARCH_PATHS = "$(inherited) @executable_path/Frameworks @loader_path/Frameworks";
				PRODUCT_BUNDLE_IDENTIFIER = Ganesh.MovieSearchUITests;
				PRODUCT_NAME = "$(TARGET_NAME)";
				SWIFT_VERSION = 4.0;
				TARGETED_DEVICE_FAMILY = "1,2";
				TEST_TARGET_NAME = MovieSearch;
			};
			name = Release;
		};
/* End XCBuildConfiguration section */

/* Begin XCConfigurationList section */
		452FE189203866AB00FE8847 /* Build configuration list for PBXProject "MovieSearch" */ = {
			isa = XCConfigurationList;
			buildConfigurations = (
				452FE1B4203866AB00FE8847 /* Debug */,
				452FE1B5203866AB00FE8847 /* Release */,
			);
			defaultConfigurationIsVisible = 0;
			defaultConfigurationName = Release;
		};
		452FE1B6203866AB00FE8847 /* Build configuration list for PBXNativeTarget "MovieSearch" */ = {
			isa = XCConfigurationList;
			buildConfigurations = (
				452FE1B7203866AB00FE8847 /* Debug */,
				452FE1B8203866AB00FE8847 /* Release */,
			);
			defaultConfigurationIsVisible = 0;
			defaultConfigurationName = Release;
		};
		452FE1B9203866AB00FE8847 /* Build configuration list for PBXNativeTarget "MovieSearchTests" */ = {
			isa = XCConfigurationList;
			buildConfigurations = (
				452FE1BA203866AB00FE8847 /* Debug */,
				452FE1BB203866AB00FE8847 /* Release */,
			);
			defaultConfigurationIsVisible = 0;
			defaultConfigurationName = Release;
		};
		452FE1BC203866AB00FE8847 /* Build configuration list for PBXNativeTarget "MovieSearchUITests" */ = {
			isa = XCConfigurationList;
			buildConfigurations = (
				452FE1BD203866AB00FE8847 /* Debug */,
				452FE1BE203866AB00FE8847 /* Release */,
			);
			defaultConfigurationIsVisible = 0;
			defaultConfigurationName = Release;
		};
/* End XCConfigurationList section */
	};
	rootObject = 452FE186203866AB00FE8847 /* Project object */;
}
